# This file is automatically @generated by Cargo.
# It is not intended for manual editing.
version = 3

[[package]]
name = "advent-of-code-2023"
version = "0.1.0"
dependencies = [
 "cargo-check",
]

[[package]]
name = "autocfg"
version = "1.1.0"
source = "registry+https://github.com/rust-lang/crates.io-index"
checksum = "d468802bab17cbc0cc575e9b053f41e72aa36bfa6b7f55e3529ffa43161b97fa"

[[package]]
name = "cargo-check"
version = "0.2.2"
source = "registry+https://github.com/rust-lang/crates.io-index"
checksum = "e85da497335ad4e2b69315ab2e413356717cf257d8e5ad0992c53e5749ddd983"
dependencies = [
 "serde_json",
]

[[package]]
name = "dtoa"
version = "0.2.2"
source = "registry+https://github.com/rust-lang/crates.io-index"
checksum = "0dd841b58510c9618291ffa448da2e4e0f699d984d436122372f446dae62263d"

[[package]]
name = "itoa"
version = "0.1.1"
source = "registry+https://github.com/rust-lang/crates.io-index"
checksum = "ae3088ea4baeceb0284ee9eea42f591226e6beaecf65373e41b38d95a1b8e7a1"

[[package]]
name = "num-traits"
version = "0.1.43"
source = "registry+https://github.com/rust-lang/crates.io-index"
checksum = "92e5113e9fd4cc14ded8e499429f396a20f98c772a47cc8622a736e1ec843c31"
dependencies = [
 "num-traits 0.2.17",
]

[[package]]
name = "num-traits"
version = "0.2.17"
source = "registry+https://github.com/rust-lang/crates.io-index"
checksum = "39e3200413f237f41ab11ad6d161bc7239c84dcb631773ccd7de3dfe4b5c267c"
dependencies = [
 "autocfg",
]

[[package]]
name = "serde"
version = "0.8.23"
source = "registry+https://github.com/rust-lang/crates.io-index"
checksum = "9dad3f759919b92c3068c696c15c3d17238234498bbdcc80f2c469606f948ac8"

[[package]]
name = "serde_json"
version = "0.8.6"
source = "registry+https://github.com/rust-lang/crates.io-index"
checksum = "67f7d2e9edc3523a9c8ec8cd6ec481b3a27810aafee3e625d311febd3e656b4c"
dependencies = [
 "dtoa",
 "itoa",
 "num-traits 0.1.43",
 "serde",
]
